// !$*UTF8*$!
{
	archiveVersion = 1;
	classes = {
	};
	objectVersion = 50;
	objects = {

/* Begin PBXBuildFile section */
		6B8282C22594CE7200C6D40A /* AppDelegate.swift in Sources */ = {isa = PBXBuildFile; fileRef = 6B8282C12594CE7200C6D40A /* AppDelegate.swift */; };
		6B8282C62594CE7200C6D40A /* ViewController.swift in Sources */ = {isa = PBXBuildFile; fileRef = 6B8282C52594CE7200C6D40A /* ViewController.swift */; };
		6B8282C92594CE7200C6D40A /* Main.storyboard in Resources */ = {isa = PBXBuildFile; fileRef = 6B8282C72594CE7200C6D40A /* Main.storyboard */; };
		6B8282CB2594CE7300C6D40A /* Assets.xcassets in Resources */ = {isa = PBXBuildFile; fileRef = 6B8282CA2594CE7300C6D40A /* Assets.xcassets */; };
		6B8282CE2594CE7300C6D40A /* LaunchScreen.storyboard in Resources */ = {isa = PBXBuildFile; fileRef = 6B8282CC2594CE7300C6D40A /* LaunchScreen.storyboard */; };
		6B8282D92594CE7300C6D40A /* lesson4Tests.swift in Sources */ = {isa = PBXBuildFile; fileRef = 6B8282D82594CE7300C6D40A /* lesson4Tests.swift */; };
		6B8282E42594CE7300C6D40A /* lesson4UITests.swift in Sources */ = {isa = PBXBuildFile; fileRef = 6B8282E32594CE7300C6D40A /* lesson4UITests.swift */; };
		6B8283042594D36000C6D40A /* StoryPromptEntry.swift in Sources */ = {isa = PBXBuildFile; fileRef = 6B8283022594D36000C6D40A /* StoryPromptEntry.swift */; };
		6B8283052594D36000C6D40A /* StoryPrompts.swift in Sources */ = {isa = PBXBuildFile; fileRef = 6B8283032594D36000C6D40A /* StoryPrompts.swift */; };
/* End PBXBuildFile section */

/* Begin PBXContainerItemProxy section */
		6B8282D52594CE7300C6D40A /* PBXContainerItemProxy */ = {
			isa = PBXContainerItemProxy;
			containerPortal = 6B8282B62594CE7200C6D40A /* Project object */;
			proxyType = 1;
			remoteGlobalIDString = 6B8282BD2594CE7200C6D40A;
			remoteInfo = lesson4;
		};
		6B8282E02594CE7300C6D40A /* PBXContainerItemProxy */ = {
			isa = PBXContainerItemProxy;
			containerPortal = 6B8282B62594CE7200C6D40A /* Project object */;
			proxyType = 1;
			remoteGlobalIDString = 6B8282BD2594CE7200C6D40A;
			remoteInfo = lesson4;
		};
/* End PBXContainerItemProxy section */

/* Begin PBXFileReference section */
		6B8282BE2594CE7200C6D40A /* lesson4.app */ = {isa = PBXFileReference; explicitFileType = wrapper.application; includeInIndex = 0; path = lesson4.app; sourceTree = BUILT_PRODUCTS_DIR; };
		6B8282C12594CE7200C6D40A /* AppDelegate.swift */ = {isa = PBXFileReference; lastKnownFileType = sourcecode.swift; path = AppDelegate.swift; sourceTree = "<group>"; };
		6B8282C52594CE7200C6D40A /* ViewController.swift */ = {isa = PBXFileReference; lastKnownFileType = sourcecode.swift; path = ViewController.swift; sourceTree = "<group>"; };
		6B8282C82594CE7200C6D40A /* Base */ = {isa = PBXFileReference; lastKnownFileType = file.storyboard; name = Base; path = Base.lproj/Main.storyboard; sourceTree = "<group>"; };
		6B8282CA2594CE7300C6D40A /* Assets.xcassets */ = {isa = PBXFileReference; lastKnownFileType = folder.assetcatalog; path = Assets.xcassets; sourceTree = "<group>"; };
		6B8282CD2594CE7300C6D40A /* Base */ = {isa = PBXFileReference; lastKnownFileType = file.storyboard; name = Base; path = Base.lproj/LaunchScreen.storyboard; sourceTree = "<group>"; };
		6B8282CF2594CE7300C6D40A /* Info.plist */ = {isa = PBXFileReference; lastKnownFileType = text.plist.xml; path = Info.plist; sourceTree = "<group>"; };
		6B8282D42594CE7300C6D40A /* lesson4Tests.xctest */ = {isa = PBXFileReference; explicitFileType = wrapper.cfbundle; includeInIndex = 0; path = lesson4Tests.xctest; sourceTree = BUILT_PRODUCTS_DIR; };
		6B8282D82594CE7300C6D40A /* lesson4Tests.swift */ = {isa = PBXFileReference; lastKnownFileType = sourcecode.swift; path = lesson4Tests.swift; sourceTree = "<group>"; };
		6B8282DA2594CE7300C6D40A /* Info.plist */ = {isa = PBXFileReference; lastKnownFileType = text.plist.xml; path = Info.plist; sourceTree = "<group>"; };
		6B8282DF2594CE7300C6D40A /* lesson4UITests.xctest */ = {isa = PBXFileReference; explicitFileType = wrapper.cfbundle; includeInIndex = 0; path = lesson4UITests.xctest; sourceTree = BUILT_PRODUCTS_DIR; };
		6B8282E32594CE7300C6D40A /* lesson4UITests.swift */ = {isa = PBXFileReference; lastKnownFileType = sourcecode.swift; path = lesson4UITests.swift; sourceTree = "<group>"; };
		6B8282E52594CE7300C6D40A /* Info.plist */ = {isa = PBXFileReference; lastKnownFileType = text.plist.xml; path = Info.plist; sourceTree = "<group>"; };
		6B8283022594D36000C6D40A /* StoryPromptEntry.swift */ = {isa = PBXFileReference; fileEncoding = 4; lastKnownFileType = sourcecode.swift; path = StoryPromptEntry.swift; sourceTree = "<group>"; };
		6B8283032594D36000C6D40A /* StoryPrompts.swift */ = {isa = PBXFileReference; fileEncoding = 4; lastKnownFileType = sourcecode.swift; path = StoryPrompts.swift; sourceTree = "<group>"; };
/* End PBXFileReference section */

/* Begin PBXFrameworksBuildPhase section */
		6B8282BB2594CE7200C6D40A /* Frameworks */ = {
			isa = PBXFrameworksBuildPhase;
			buildActionMask = 2147483647;
			files = (
			);
			runOnlyForDeploymentPostprocessing = 0;
		};
		6B8282D12594CE7300C6D40A /* Frameworks */ = {
			isa = PBXFrameworksBuildPhase;
			buildActionMask = 2147483647;
			files = (
			);
			runOnlyForDeploymentPostprocessing = 0;
		};
		6B8282DC2594CE7300C6D40A /* Frameworks */ = {
			isa = PBXFrameworksBuildPhase;
			buildActionMask = 2147483647;
			files = (
			);
			runOnlyForDeploymentPostprocessing = 0;
		};
/* End PBXFrameworksBuildPhase section */

/* Begin PBXGroup section */
		6B8282B52594CE7200C6D40A = {
			isa = PBXGroup;
			children = (
				6B8282C02594CE7200C6D40A /* lesson4 */,
				6B8282D72594CE7300C6D40A /* lesson4Tests */,
				6B8282E22594CE7300C6D40A /* lesson4UITests */,
				6B8282BF2594CE7200C6D40A /* Products */,
			);
			sourceTree = "<group>";
		};
		6B8282BF2594CE7200C6D40A /* Products */ = {
			isa = PBXGroup;
			children = (
				6B8282BE2594CE7200C6D40A /* lesson4.app */,
				6B8282D42594CE7300C6D40A /* lesson4Tests.xctest */,
				6B8282DF2594CE7300C6D40A /* lesson4UITests.xctest */,
			);
			name = Products;
			sourceTree = "<group>";
		};
		6B8282C02594CE7200C6D40A /* lesson4 */ = {
			isa = PBXGroup;
			children = (
				6B8282F72594D0AF00C6D40A /* Model */,
				6B8282C12594CE7200C6D40A /* AppDelegate.swift */,
				6B8282C52594CE7200C6D40A /* ViewController.swift */,
				6B8282C72594CE7200C6D40A /* Main.storyboard */,
				6B8282CA2594CE7300C6D40A /* Assets.xcassets */,
				6B8282CC2594CE7300C6D40A /* LaunchScreen.storyboard */,
				6B8282CF2594CE7300C6D40A /* Info.plist */,
			);
			path = lesson4;
			sourceTree = "<group>";
		};
		6B8282D72594CE7300C6D40A /* lesson4Tests */ = {
			isa = PBXGroup;
			children = (
				6B8282D82594CE7300C6D40A /* lesson4Tests.swift */,
				6B8282DA2594CE7300C6D40A /* Info.plist */,
			);
			path = lesson4Tests;
			sourceTree = "<group>";
		};
		6B8282E22594CE7300C6D40A /* lesson4UITests */ = {
			isa = PBXGroup;
			children = (
				6B8282E32594CE7300C6D40A /* lesson4UITests.swift */,
				6B8282E52594CE7300C6D40A /* Info.plist */,
			);
			path = lesson4UITests;
			sourceTree = "<group>";
		};
		6B8282F72594D0AF00C6D40A /* Model */ = {
			isa = PBXGroup;
			children = (
				6B8283022594D36000C6D40A /* StoryPromptEntry.swift */,
				6B8283032594D36000C6D40A /* StoryPrompts.swift */,
			);
			path = Model;
			sourceTree = "<group>";
		};
/* End PBXGroup section */

/* Begin PBXNativeTarget section */
		6B8282BD2594CE7200C6D40A /* lesson4 */ = {
			isa = PBXNativeTarget;
			buildConfigurationList = 6B8282E82594CE7300C6D40A /* Build configuration list for PBXNativeTarget "lesson4" */;
			buildPhases = (
				6B8282BA2594CE7200C6D40A /* Sources */,
				6B8282BB2594CE7200C6D40A /* Frameworks */,
				6B8282BC2594CE7200C6D40A /* Resources */,
			);
			buildRules = (
			);
			dependencies = (
			);
			name = lesson4;
			productName = lesson4;
			productReference = 6B8282BE2594CE7200C6D40A /* lesson4.app */;
			productType = "com.apple.product-type.application";
		};
		6B8282D32594CE7300C6D40A /* lesson4Tests */ = {
			isa = PBXNativeTarget;
			buildConfigurationList = 6B8282EB2594CE7300C6D40A /* Build configuration list for PBXNativeTarget "lesson4Tests" */;
			buildPhases = (
				6B8282D02594CE7300C6D40A /* Sources */,
				6B8282D12594CE7300C6D40A /* Frameworks */,
				6B8282D22594CE7300C6D40A /* Resources */,
			);
			buildRules = (
			);
			dependencies = (
				6B8282D62594CE7300C6D40A /* PBXTargetDependency */,
			);
			name = lesson4Tests;
			productName = lesson4Tests;
			productReference = 6B8282D42594CE7300C6D40A /* lesson4Tests.xctest */;
			productType = "com.apple.product-type.bundle.unit-test";
		};
		6B8282DE2594CE7300C6D40A /* lesson4UITests */ = {
			isa = PBXNativeTarget;
			buildConfigurationList = 6B8282EE2594CE7300C6D40A /* Build configuration list for PBXNativeTarget "lesson4UITests" */;
			buildPhases = (
				6B8282DB2594CE7300C6D40A /* Sources */,
				6B8282DC2594CE7300C6D40A /* Frameworks */,
				6B8282DD2594CE7300C6D40A /* Resources */,
			);
			buildRules = (
			);
			dependencies = (
				6B8282E12594CE7300C6D40A /* PBXTargetDependency */,
			);
			name = lesson4UITests;
			productName = lesson4UITests;
			productReference = 6B8282DF2594CE7300C6D40A /* lesson4UITests.xctest */;
			productType = "com.apple.product-type.bundle.ui-testing";
		};
/* End PBXNativeTarget section */

/* Begin PBXProject section */
		6B8282B62594CE7200C6D40A /* Project object */ = {
			isa = PBXProject;
			attributes = {
				LastSwiftUpdateCheck = 1230;
				LastUpgradeCheck = 1230;
				TargetAttributes = {
					6B8282BD2594CE7200C6D40A = {
						CreatedOnToolsVersion = 12.3;
					};
					6B8282D32594CE7300C6D40A = {
						CreatedOnToolsVersion = 12.3;
						TestTargetID = 6B8282BD2594CE7200C6D40A;
					};
					6B8282DE2594CE7300C6D40A = {
						CreatedOnToolsVersion = 12.3;
						TestTargetID = 6B8282BD2594CE7200C6D40A;
					};
				};
			};
			buildConfigurationList = 6B8282B92594CE7200C6D40A /* Build configuration list for PBXProject "lesson4" */;
			compatibilityVersion = "Xcode 9.3";
			developmentRegion = en;
			hasScannedForEncodings = 0;
			knownRegions = (
				en,
				Base,
			);
			mainGroup = 6B8282B52594CE7200C6D40A;
			productRefGroup = 6B8282BF2594CE7200C6D40A /* Products */;
			projectDirPath = "";
			projectRoot = "";
			targets = (
				6B8282BD2594CE7200C6D40A /* lesson4 */,
				6B8282D32594CE7300C6D40A /* lesson4Tests */,
				6B8282DE2594CE7300C6D40A /* lesson4UITests */,
			);
		};
/* End PBXProject section */

/* Begin PBXResourcesBuildPhase section */
		6B8282BC2594CE7200C6D40A /* Resources */ = {
			isa = PBXResourcesBuildPhase;
			buildActionMask = 2147483647;
			files = (
				6B8282CE2594CE7300C6D40A /* LaunchScreen.storyboard in Resources */,
				6B8282CB2594CE7300C6D40A /* Assets.xcassets in Resources */,
				6B8282C92594CE7200C6D40A /* Main.storyboard in Resources */,
			);
			runOnlyForDeploymentPostprocessing = 0;
		};
		6B8282D22594CE7300C6D40A /* Resources */ = {
			isa = PBXResourcesBuildPhase;
			buildActionMask = 2147483647;
			files = (
			);
			runOnlyForDeploymentPostprocessing = 0;
		};
		6B8282DD2594CE7300C6D40A /* Resources */ = {
			isa = PBXResourcesBuildPhase;
			buildActionMask = 2147483647;
			files = (
			);
			runOnlyForDeploymentPostprocessing = 0;
		};
/* End PBXResourcesBuildPhase section */

/* Begin PBXSourcesBuildPhase section */
		6B8282BA2594CE7200C6D40A /* Sources */ = {
			isa = PBXSourcesBuildPhase;
			buildActionMask = 2147483647;
			files = (
				6B8283042594D36000C6D40A /* StoryPromptEntry.swift in Sources */,
				6B8282C62594CE7200C6D40A /* ViewController.swift in Sources */,
				6B8283052594D36000C6D40A /* StoryPrompts.swift in Sources */,
				6B8282C22594CE7200C6D40A /* AppDelegate.swift in Sources */,
			);
			runOnlyForDeploymentPostprocessing = 0;
		};
		6B8282D02594CE7300C6D40A /* Sources */ = {
			isa = PBXSourcesBuildPhase;
			buildActionMask = 2147483647;
			files = (
				6B8282D92594CE7300C6D40A /* lesson4Tests.swift in Sources */,
			);
			runOnlyForDeploymentPostprocessing = 0;
		};
		6B8282DB2594CE7300C6D40A /* Sources */ = {
			isa = PBXSourcesBuildPhase;
			buildActionMask = 2147483647;
			files = (
				6B8282E42594CE7300C6D40A /* lesson4UITests.swift in Sources */,
			);
			runOnlyForDeploymentPostprocessing = 0;
		};
/* End PBXSourcesBuildPhase section */

/* Begin PBXTargetDependency section */
		6B8282D62594CE7300C6D40A /* PBXTargetDependency */ = {
			isa = PBXTargetDependency;
			target = 6B8282BD2594CE7200C6D40A /* lesson4 */;
			targetProxy = 6B8282D52594CE7300C6D40A /* PBXContainerItemProxy */;
		};
		6B8282E12594CE7300C6D40A /* PBXTargetDependency */ = {
			isa = PBXTargetDependency;
			target = 6B8282BD2594CE7200C6D40A /* lesson4 */;
			targetProxy = 6B8282E02594CE7300C6D40A /* PBXContainerItemProxy */;
		};
/* End PBXTargetDependency section */

/* Begin PBXVariantGroup section */
		6B8282C72594CE7200C6D40A /* Main.storyboard */ = {
			isa = PBXVariantGroup;
			children = (
				6B8282C82594CE7200C6D40A /* Base */,
			);
			name = Main.storyboard;
			sourceTree = "<group>";
		};
		6B8282CC2594CE7300C6D40A /* LaunchScreen.storyboard */ = {
			isa = PBXVariantGroup;
			children = (
				6B8282CD2594CE7300C6D40A /* Base */,
			);
			name = LaunchScreen.storyboard;
			sourceTree = "<group>";
		};
/* End PBXVariantGroup section */

/* Begin XCBuildConfiguration section */
		6B8282E62594CE7300C6D40A /* Debug */ = {
			isa = XCBuildConfiguration;
			buildSettings = {
				ALWAYS_SEARCH_USER_PATHS = NO;
				CLANG_ANALYZER_NONNULL = YES;
				CLANG_ANALYZER_NUMBER_OBJECT_CONVERSION = YES_AGGRESSIVE;
				CLANG_CXX_LANGUAGE_STANDARD = "gnu++14";
				CLANG_CXX_LIBRARY = "libc++";
				CLANG_ENABLE_MODULES = YES;
				CLANG_ENABLE_OBJC_ARC = YES;
				CLANG_ENABLE_OBJC_WEAK = YES;
				CLANG_WARN_BLOCK_CAPTURE_AUTORELEASING = YES;
				CLANG_WARN_BOOL_CONVERSION = YES;
				CLANG_WARN_COMMA = YES;
				CLANG_WARN_CONSTANT_CONVERSION = YES;
				CLANG_WARN_DEPRECATED_OBJC_IMPLEMENTATIONS = YES;
				CLANG_WARN_DIRECT_OBJC_ISA_USAGE = YES_ERROR;
				CLANG_WARN_DOCUMENTATION_COMMENTS = YES;
				CLANG_WARN_EMPTY_BODY = YES;
				CLANG_WARN_ENUM_CONVERSION = YES;
				CLANG_WARN_INFINITE_RECURSION = YES;
				CLANG_WARN_INT_CONVERSION = YES;
				CLANG_WARN_NON_LITERAL_NULL_CONVERSION = YES;
				CLANG_WARN_OBJC_IMPLICIT_RETAIN_SELF = YES;
				CLANG_WARN_OBJC_LITERAL_CONVERSION = YES;
				CLANG_WARN_OBJC_ROOT_CLASS = YES_ERROR;
				CLANG_WARN_QUOTED_INCLUDE_IN_FRAMEWORK_HEADER = YES;
				CLANG_WARN_RANGE_LOOP_ANALYSIS = YES;
				CLANG_WARN_STRICT_PROTOTYPES = YES;
				CLANG_WARN_SUSPICIOUS_MOVE = YES;
				CLANG_WARN_UNGUARDED_AVAILABILITY = YES_AGGRESSIVE;
				CLANG_WARN_UNREACHABLE_CODE = YES;
				CLANG_WARN__DUPLICATE_METHOD_MATCH = YES;
				COPY_PHASE_STRIP = NO;
				DEBUG_INFORMATION_FORMAT = dwarf;
				ENABLE_STRICT_OBJC_MSGSEND = YES;
				ENABLE_TESTABILITY = YES;
				GCC_C_LANGUAGE_STANDARD = gnu11;
				GCC_DYNAMIC_NO_PIC = NO;
				GCC_NO_COMMON_BLOCKS = YES;
				GCC_OPTIMIZATION_LEVEL = 0;
				GCC_PREPROCESSOR_DEFINITIONS = (
					"DEBUG=1",
					"$(inherited)",
				);
				GCC_WARN_64_TO_32_BIT_CONVERSION = YES;
				GCC_WARN_ABOUT_RETURN_TYPE = YES_ERROR;
				GCC_WARN_UNDECLARED_SELECTOR = YES;
				GCC_WARN_UNINITIALIZED_AUTOS = YES_AGGRESSIVE;
				GCC_WARN_UNUSED_FUNCTION = YES;
				GCC_WARN_UNUSED_VARIABLE = YES;
				IPHONEOS_DEPLOYMENT_TARGET = 14.3;
				MTL_ENABLE_DEBUG_INFO = INCLUDE_SOURCE;
				MTL_FAST_MATH = YES;
				ONLY_ACTIVE_ARCH = YES;
				SDKROOT = iphoneos;
				SWIFT_ACTIVE_COMPILATION_CONDITIONS = DEBUG;
				SWIFT_OPTIMIZATION_LEVEL = "-Onone";
			};
			name = Debug;
		};
		6B8282E72594CE7300C6D40A /* Release */ = {
			isa = XCBuildConfiguration;
			buildSettings = {
				ALWAYS_SEARCH_USER_PATHS = NO;
				CLANG_ANALYZER_NONNULL = YES;
				CLANG_ANALYZER_NUMBER_OBJECT_CONVERSION = YES_AGGRESSIVE;
				CLANG_CXX_LANGUAGE_STANDARD = "gnu++14";
				CLANG_CXX_LIBRARY = "libc++";
				CLANG_ENABLE_MODULES = YES;
				CLANG_ENABLE_OBJC_ARC = YES;
				CLANG_ENABLE_OBJC_WEAK = YES;
				CLANG_WARN_BLOCK_CAPTURE_AUTORELEASING = YES;
				CLANG_WARN_BOOL_CONVERSION = YES;
				CLANG_WARN_COMMA = YES;
				CLANG_WARN_CONSTANT_CONVERSION = YES;
				CLANG_WARN_DEPRECATED_OBJC_IMPLEMENTATIONS = YES;
				CLANG_WARN_DIRECT_OBJC_ISA_USAGE = YES_ERROR;
				CLANG_WARN_DOCUMENTATION_COMMENTS = YES;
				CLANG_WARN_EMPTY_BODY = YES;
				CLANG_WARN_ENUM_CONVERSION = YES;
				CLANG_WARN_INFINITE_RECURSION = YES;
				CLANG_WARN_INT_CONVERSION = YES;
				CLANG_WARN_NON_LITERAL_NULL_CONVERSION = YES;
				CLANG_WARN_OBJC_IMPLICIT_RETAIN_SELF = YES;
				CLANG_WARN_OBJC_LITERAL_CONVERSION = YES;
				CLANG_WARN_OBJC_ROOT_CLASS = YES_ERROR;
				CLANG_WARN_QUOTED_INCLUDE_IN_FRAMEWORK_HEADER = YES;
				CLANG_WARN_RANGE_LOOP_ANALYSIS = YES;
				CLANG_WARN_STRICT_PROTOTYPES = YES;
				CLANG_WARN_SUSPICIOUS_MOVE = YES;
				CLANG_WARN_UNGUARDED_AVAILABILITY = YES_AGGRESSIVE;
				CLANG_WARN_UNREACHABLE_CODE = YES;
				CLANG_WARN__DUPLICATE_METHOD_MATCH = YES;
				COPY_PHASE_STRIP = NO;
				DEBUG_INFORMATION_FORMAT = "dwarf-with-dsym";
				ENABLE_NS_ASSERTIONS = NO;
				ENABLE_STRICT_OBJC_MSGSEND = YES;
				GCC_C_LANGUAGE_STANDARD = gnu11;
				GCC_NO_COMMON_BLOCKS = YES;
				GCC_WARN_64_TO_32_BIT_CONVERSION = YES;
				GCC_WARN_ABOUT_RETURN_TYPE = YES_ERROR;
				GCC_WARN_UNDECLARED_SELECTOR = YES;
				GCC_WARN_UNINITIALIZED_AUTOS = YES_AGGRESSIVE;
				GCC_WARN_UNUSED_FUNCTION = YES;
				GCC_WARN_UNUSED_VARIABLE = YES;
				IPHONEOS_DEPLOYMENT_TARGET = 14.3;
				MTL_ENABLE_DEBUG_INFO = NO;
				MTL_FAST_MATH = YES;
				SDKROOT = iphoneos;
				SWIFT_COMPILATION_MODE = wholemodule;
				SWIFT_OPTIMIZATION_LEVEL = "-O";
				VALIDATE_PRODUCT = YES;
			};
			name = Release;
		};
		6B8282E92594CE7300C6D40A /* Debug */ = {
			isa = XCBuildConfiguration;
			buildSettings = {
				ASSETCATALOG_COMPILER_APPICON_NAME = AppIcon;
				ASSETCATALOG_COMPILER_GLOBAL_ACCENT_COLOR_NAME = AccentColor;
				CODE_SIGN_STYLE = Automatic;
				INFOPLIST_FILE = lesson4/Info.plist;
				LD_RUNPATH_SEARCH_PATHS = (
					"$(inherited)",
					"@executable_path/Frameworks",
				);
				PRODUCT_BUNDLE_IDENTIFIER = Demo.lesson4;
				PRODUCT_NAME = "$(TARGET_NAME)";
				SWIFT_VERSION = 5.0;
				TARGETED_DEVICE_FAMILY = "1,2";
			};
			name = Debug;
		};
		6B8282EA2594CE7300C6D40A /* Release */ = {
			isa = XCBuildConfiguration;
			buildSettings = {
				ASSETCATALOG_COMPILER_APPICON_NAME = AppIcon;
				ASSETCATALOG_COMPILER_GLOBAL_ACCENT_COLOR_NAME = AccentColor;
				CODE_SIGN_STYLE = Automatic;
				INFOPLIST_FILE = lesson4/Info.plist;
				LD_RUNPATH_SEARCH_PATHS = (
					"$(inherited)",
					"@executable_path/Frameworks",
				);
				PRODUCT_BUNDLE_IDENTIFIER = Demo.lesson4;
				PRODUCT_NAME = "$(TARGET_NAME)";
				SWIFT_VERSION = 5.0;
				TARGETED_DEVICE_FAMILY = "1,2";
			};
			name = Release;
		};
		6B8282EC2594CE7300C6D40A /* Debug */ = {
			isa = XCBuildConfiguration;
			buildSettings = {
				ALWAYS_EMBED_SWIFT_STANDARD_LIBRARIES = YES;
				BUNDLE_LOADER = "$(TEST_HOST)";
				CODE_SIGN_STYLE = Automatic;
				INFOPLIST_FILE = lesson4Tests/Info.plist;
				IPHONEOS_DEPLOYMENT_TARGET = 14.3;
				LD_RUNPATH_SEARCH_PATHS = (
					"$(inherited)",
					"@executable_path/Frameworks",
					"@loader_path/Frameworks",
				);
				PRODUCT_BUNDLE_IDENTIFIER = Demo.lesson4Tests;
				PRODUCT_NAME = "$(TARGET_NAME)";
				SWIFT_VERSION = 5.0;
				TARGETED_DEVICE_FAMILY = "1,2";
				TEST_HOST = "$(BUILT_PRODUCTS_DIR)/lesson4.app/lesson4";
			};
			name = Debug;
		};
		6B8282ED2594CE7300C6D40A /* Release */ = {
			isa = XCBuildConfiguration;
			buildSettings = {
				ALWAYS_EMBED_SWIFT_STANDARD_LIBRARIES = YES;
				BUNDLE_LOADER = "$(TEST_HOST)";
				CODE_SIGN_STYLE = Automatic;
				INFOPLIST_FILE = lesson4Tests/Info.plist;
				IPHONEOS_DEPLOYMENT_TARGET = 14.3;
				LD_RUNPATH_SEARCH_PATHS = (
					"$(inherited)",
					"@executable_path/Frameworks",
					"@loader_path/Frameworks",
				);
				PRODUCT_BUNDLE_IDENTIFIER = Demo.lesson4Tests;
				PRODUCT_NAME = "$(TARGET_NAME)";
				SWIFT_VERSION = 5.0;
				TARGETED_DEVICE_FAMILY = "1,2";
				TEST_HOST = "$(BUILT_PRODUCTS_DIR)/lesson4.app/lesson4";
			};
			name = Release;
		};
		6B8282EF2594CE7300C6D40A /* Debug */ = {
			isa = XCBuildConfiguration;
			buildSettings = {
				ALWAYS_EMBED_SWIFT_STANDARD_LIBRARIES = YES;
				CODE_SIGN_STYLE = Automatic;
				INFOPLIST_FILE = lesson4UITests/Info.plist;
				LD_RUNPATH_SEARCH_PATHS = (
					"$(inherited)",
					"@executable_path/Frameworks",
					"@loader_path/Frameworks",
				);
				PRODUCT_BUNDLE_IDENTIFIER = Demo.lesson4UITests;
				PRODUCT_NAME = "$(TARGET_NAME)";
				SWIFT_VERSION = 5.0;
				TARGETED_DEVICE_FAMILY = "1,2";
				TEST_TARGET_NAME = lesson4;
			};
			name = Debug;
		};
		6B8282F02594CE7300C6D40A /* Release */ = {
			isa = XCBuildConfiguration;
			buildSettings = {
				ALWAYS_EMBED_SWIFT_STANDARD_LIBRARIES = YES;
				CODE_SIGN_STYLE = Automatic;
				INFOPLIST_FILE = lesson4UITests/Info.plist;
				LD_RUNPATH_SEARCH_PATHS = (
					"$(inherited)",
					"@executable_path/Frameworks",
					"@loader_path/Frameworks",
				);
				PRODUCT_BUNDLE_IDENTIFIER = Demo.lesson4UITests;
				PRODUCT_NAME = "$(TARGET_NAME)";
				SWIFT_VERSION = 5.0;
				TARGETED_DEVICE_FAMILY = "1,2";
				TEST_TARGET_NAME = lesson4;
			};
			name = Release;
		};
/* End XCBuildConfiguration section */

/* Begin XCConfigurationList section */
		6B8282B92594CE7200C6D40A /* Build configuration list for PBXProject "lesson4" */ = {
			isa = XCConfigurationList;
			buildConfigurations = (
				6B8282E62594CE7300C6D40A /* Debug */,
				6B8282E72594CE7300C6D40A /* Release */,
			);
			defaultConfigurationIsVisible = 0;
			defaultConfigurationName = Release;
		};
		6B8282E82594CE7300C6D40A /* Build configuration list for PBXNativeTarget "lesson4" */ = {
			isa = XCConfigurationList;
			buildConfigurations = (
				6B8282E92594CE7300C6D40A /* Debug */,
				6B8282EA2594CE7300C6D40A /* Release */,
			);
			defaultConfigurationIsVisible = 0;
			defaultConfigurationName = Release;
		};
		6B8282EB2594CE7300C6D40A /* Build configuration list for PBXNativeTarget "lesson4Tests" */ = {
			isa = XCConfigurationList;
			buildConfigurations = (
				6B8282EC2594CE7300C6D40A /* Debug */,
				6B8282ED2594CE7300C6D40A /* Release */,
			);
			defaultConfigurationIsVisible = 0;
			defaultConfigurationName = Release;
		};
		6B8282EE2594CE7300C6D40A /* Build configuration list for PBXNativeTarget "lesson4UITests" */ = {
			isa = XCConfigurationList;
			buildConfigurations = (
				6B8282EF2594CE7300C6D40A /* Debug */,
				6B8282F02594CE7300C6D40A /* Release */,
			);
			defaultConfigurationIsVisible = 0;
			defaultConfigurationName = Release;
		};
/* End XCConfigurationList section */
	};
	rootObject = 6B8282B62594CE7200C6D40A /* Project object */;
}
